
Microsoft Visual Studio Solution File, Format Version 12.00
# Visual Studio Version 17
VisualStudioVersion = 17.3.32804.467
MinimumVisualStudioVersion = 10.0.40219.1
Project("{8BC9CEB8-8B4A-11D0-8D11-00A0C91BC942}") = "ConnectivityDetector", "ConnectivityDetector.vcxproj", "{A8D12A8D-EAE1-45F1-83AF-1C90A5E3F694}"
EndProject
Global
	GlobalSection(SolutionConfigurationPlatforms) = preSolution
		Debug|x64 = Debug|x64
		Debug|x86 = Debug|x86
		Release|x64 = Release|x64
		Release|x86 = Release|x86
	EndGlobalSection
	GlobalSection(ProjectConfigurationPlatforms) = postSolution
		{A8D12A8D-EAE1-45F1-83AF-1C90A5E3F694}.Debug|x64.ActiveCfg = Debug|x64
		{A8D12A8D-EAE1-45F1-83AF-1C90A5E3F694}.Debug|x64.Build.0 = Debug|x64
		{A8D12A8D-EAE1-45F1-83AF-1C90A5E3F694}.Debug|x86.ActiveCfg = Debug|Win32
		{A8D12A8D-EAE1-45F1-83AF-1C90A5E3F694}.Debug|x86.Build.0 = Debug|Win32
		{A8D12A8D-EAE1-45F1-83AF-1C90A5E3F694}.Release|x64.ActiveCfg = Release|x64
		{A8D12A8D-EAE1-45F1-83AF-1C90A5E3F694}.Release|x64.Build.0 = Release|x64
		{A8D12A8D-EAE1-45F1-83AF-1C90A5E3F694}.Release|x86.ActiveCfg = Release|Win32
		{A8D12A8D-EAE1-45F1-83AF-1C90A5E3F694}.Release|x86.Build.0 = Release|Win32
	EndGlobalSection
	GlobalSection(SolutionProperties) = preSolution
		HideSolutionNode = FALSE
	EndGlobalSection
	GlobalSection(ExtensibilityGlobals) = postSolution
		SolutionGuid = {A8C71AF7-304D-46BC-83C0-B264FE2FBAD5}
	EndGlobalSection
EndGlobal
